{
    "_readme": [
        "This file locks the dependencies of your project to a known state",
        "Read more about it at https://getcomposer.org/doc/01-basic-usage.md#composer-lock-the-lock-file",
        "This file is @generated automatically"
    ],
    "content-hash": "2ef097ebaad444159fb097d6b9185f00",
    "packages": [
        {
            "name": "davimenezes/adianti_components",
            "version": "dev-master",
            "source": {
                "type": "git",
                "url": "https://github.com/DaviMenezes/adianti_components.git",
                "reference": "6e0f838f3a29adc9df1e7fd3938f90e74caca286"
            },
            "dist": {
                "type": "zip",
                "url": "https://api.github.com/repos/DaviMenezes/adianti_components/zipball/6e0f838f3a29adc9df1e7fd3938f90e74caca286",
                "reference": "6e0f838f3a29adc9df1e7fd3938f90e74caca286",
                "shasum": ""
            },
            "type": "library",
            "autoload": {
                "psr-4": {
                    "Dvi\\Components\\": "/src"
                },
                "classmap": [
                    "/src"
                ]
            },
            "notification-url": "https://packagist.org/downloads/",
            "authors": [
                {
                    "name": "Davi Menezes",
                    "email": "davimenezes.dev@gmail.com"
                }
            ],
            "description": "Components for Adianti Framework",
            "time": "2017-12-10T02:32:59+00:00"
        },
        {
            "name": "davimenezes/adianti_erp_modules",
            "version": "dev-master",
            "source": {
                "type": "git",
                "url": "git@bitbucket.org:DaviMenezes/adianti_erp_modules.git",
                "reference": "62a2b62993c9795fa59f9f9269c59e6b5c709ed4"
            },
            "type": "library",
            "autoload": {
                "psr-4": {
                    "Dvi\\Modules\\": "/src"
                },
                "classmap": [
                    "/src"
                ]
            },
            "authors": [
                {
                    "name": "Davi Menezes",
                    "email": "davimenezes.dev@gmail.com"
                }
            ],
            "description": "Modules for Adianti ERP Framework",
            "time": "2017-12-10T02:24:19+00:00"
        }
    ],
    "packages-dev": [],
    "aliases": [],
    "minimum-stability": "stable",
    "stability-flags": {
        "davimenezes/adianti_erp_modules": 20,
        "davimenezes/adianti_components": 20
    },
    "prefer-stable": false,
    "prefer-lowest": false,
    "platform": [],
    "platform-dev": []
}
